
Microsoft Visual Studio Solution File, Format Version 12.00
# Visual Studio Express 14 for Windows Desktop
VisualStudioVersion = 14.0.25420.1
MinimumVisualStudioVersion = 10.0.40219.1
Project("{FAE04EC0-301F-11D3-BF4B-00C04F79EFBC}") = "ProductFilter", "ProductFilter\ProductFilter.csproj", "{BB358F47-F2F8-43D8-B38E-278FD586F53E}"
EndProject
Global
	GlobalSection(SolutionConfigurationPlatforms) = preSolution
		Debug|Any CPU = Debug|Any CPU
		Release|Any CPU = Release|Any CPU
	EndGlobalSection
	GlobalSection(ProjectConfigurationPlatforms) = postSolution
		{BB358F47-F2F8-43D8-B38E-278FD586F53E}.Debug|Any CPU.ActiveCfg = Debug|Any CPU
		{BB358F47-F2F8-43D8-B38E-278FD586F53E}.Debug|Any CPU.Build.0 = Debug|Any CPU
		{BB358F47-F2F8-43D8-B38E-278FD586F53E}.Release|Any CPU.ActiveCfg = Release|Any CPU
		{BB358F47-F2F8-43D8-B38E-278FD586F53E}.Release|Any CPU.Build.0 = Release|Any CPU
	EndGlobalSection
	GlobalSection(SolutionProperties) = preSolution
		HideSolutionNode = FALSE
	EndGlobalSection
EndGlobal
